
Microsoft Visual Studio Solution File, Format Version 12.00
# Visual Studio Version 16
VisualStudioVersion = 16.0.30621.155
MinimumVisualStudioVersion = 10.0.40219.1
Project("{FAE04EC0-301F-11D3-BF4B-00C04F79EFBC}") = "CL3", "CL3.csproj", "{AFE2C9AC-123A-4186-A419-A50A79364315}"
EndProject
Global
	GlobalSection(SolutionConfigurationPlatforms) = preSolution
		Debug|Any CPU = Debug|Any CPU
		Release|Any CPU = Release|Any CPU
	EndGlobalSection
	GlobalSection(ProjectConfigurationPlatforms) = postSolution
		{AFE2C9AC-123A-4186-A419-A50A79364315}.Debug|Any CPU.ActiveCfg = Debug|Any CPU
		{AFE2C9AC-123A-4186-A419-A50A79364315}.Debug|Any CPU.Build.0 = Debug|Any CPU
		{AFE2C9AC-123A-4186-A419-A50A79364315}.Release|Any CPU.ActiveCfg = Release|Any CPU
		{AFE2C9AC-123A-4186-A419-A50A79364315}.Release|Any CPU.Build.0 = Release|Any CPU
	EndGlobalSection
	GlobalSection(SolutionProperties) = preSolution
		HideSolutionNode = FALSE
	EndGlobalSection
	GlobalSection(ExtensibilityGlobals) = postSolution
		SolutionGuid = {E68B4681-8170-4A60-8363-3B492DA9F765}
	EndGlobalSection
EndGlobal
